
Microsoft Visual Studio Solution File, Format Version 12.00
# Visual Studio Version 17
VisualStudioVersion = 17.10.35122.118
MinimumVisualStudioVersion = 10.0.40219.1
Project("{FAE04EC0-301F-11D3-BF4B-00C04F79EFBC}") = "Ontap", "Ontap\Ontap.csproj", "{DB72574F-F65F-4EE3-947E-498332EAA157}"
EndProject
Global
	GlobalSection(SolutionConfigurationPlatforms) = preSolution
		Debug|Any CPU = Debug|Any CPU
		Release|Any CPU = Release|Any CPU
	EndGlobalSection
	GlobalSection(ProjectConfigurationPlatforms) = postSolution
		{DB72574F-F65F-4EE3-947E-498332EAA157}.Debug|Any CPU.ActiveCfg = Debug|Any CPU
		{DB72574F-F65F-4EE3-947E-498332EAA157}.Debug|Any CPU.Build.0 = Debug|Any CPU
		{DB72574F-F65F-4EE3-947E-498332EAA157}.Release|Any CPU.ActiveCfg = Release|Any CPU
		{DB72574F-F65F-4EE3-947E-498332EAA157}.Release|Any CPU.Build.0 = Release|Any CPU
	EndGlobalSection
	GlobalSection(SolutionProperties) = preSolution
		HideSolutionNode = FALSE
	EndGlobalSection
	GlobalSection(ExtensibilityGlobals) = postSolution
		SolutionGuid = {592E5481-1384-4930-9528-67B6BAD95CFF}
	EndGlobalSection
EndGlobal
